{
  "name": "trapbound-fat-dash",
  "version": "1.0.0",
  "lockfileVersion": 3,
  "requires": true,
  "packages": {
    "": {
      "name": "trapbound-fat-dash",
      "version": "1.0.0",
      "private": true,
      "devDependencies": {
        "cordova": "^13.0.0",
        "cordova-android": "15.1.0"
      }
    },
    "node_modules/ansi-regex": {
      "version": "5.0.1",
      "resolved": "https://registry.npmjs.org/ansi-regex/-/ansi-regex-5.0.1.tgz",
      "integrity": "sha512-quJQXlTSiVVnFRpmjWqHksF7/g6nVbnSNS/QmM3B85heF8WcmkpMbDJ0/1T5YLDcsR5qdhDisS6+pgLod7pWNA==",
      "dev": true,
      "engines": {
        "node": ">=8"
      }
    },
    "node_modules/ansi-styles": {
      "version": "4.3.0",
      "resolved": "https://registry.npmjs.org/ansi-styles/-/ansi-styles-4.3.0.tgz",
      "integrity": "sha512-zbB9rCJAT1rbjiVDb2hqKFHNYLxgtk8NURxZ3IZwD3F0sNQoJBAJccww8MzxYwVCgwuM2oPb63IAmtHgg4nqling==",
      "dev": true,
      "dependencies": {
        "color-convert": "^2.0.1"
      },
      "engines": {
        "node": ">=8"
      },
      "funding": {
        "url": "https://github.com/chalk/ansi-styles?sponsor=1"
      }
    },
    "node_modules/balanced-match": {
      "version": "1.0.2",
      "resolved": "https://registry.npmjs.org/balanced-match/-/balanced-match-1.0.2.tgz",
      "integrity": "sha512-3oSeUO9+JjcFVfwhqKKwm3+I6mos99uyM76sSeje7UznYkszo13GymLPQvZbb/apM2i7QbaB8Pepper5PHGXXXw==",
      "dev": true
    },
    "node_modules/brace-expansion": {
      "version": "1.1.11",
      "resolved": "https://registry.npmjs.org/brace-expansion/-/brace-expansion-1.1.11.tgz",
      "integrity": "sha512-iCuPHDFgrHSstLCSltLEcw+XP008crHFHYJFqw2IKmP9+/BOExVzomVk2SOrgnt7Za924Zxtr/9IPs5i9n12A/w==",
      "dev": true,
      "dependencies": {
        "balanced-match": "^1.0.0",
        "concat-map": "0.0.1"
      }
    },
    "node_modules/chalk": {
      "version": "4.1.2",
      "resolved": "https://registry.npmjs.org/chalk/-/chalk-4.1.2.tgz",
      "integrity": "sha512-oKnbhFyRIXpnozKRvvRJQIChLHCmLN2iG9SoRiVfJLwTkehkP+268RLSE2r3auxRTPn7bias6qBWdj7wFN3QJQ==",
      "dev": true,
      "dependencies": {
        "ansi-styles": "^4.1.0",
        "supports-color": "^7.1.0"
      },
      "engines": {
        "node": ">=10"
      },
      "funding": {
        "url": "https://github.com/chalk/chalk?sponsor=1"
      }
    },
    "node_modules/color-convert": {
      "version": "2.0.1",
      "resolved": "https://registry.npmjs.org/color-convert/-/color-convert-2.0.1.tgz",
      "integrity": "sha512-RRECPsj7iu/xb5oKYcsFHe5+dBVfzS1d9T6gZbJt0FEZnltrEQbYomps41SHWLvn36z3LEErivCSnqxwol/8nQ==",
      "dev": true,
      "dependencies": {
        "color-name": "~1.1.4"
      },
      "engines": {
        "node": ">=7.4.0"
      }
    },
    "node_modules/color-name": {
      "version": "1.1.4",
      "resolved": "https://registry.npmjs.org/color-name/-/color-name-1.1.4.tgz",
      "integrity": "sha512-dOy+3AuW3a2wNiPHXpMIGvCdF8gYk1xJ6zte1I6zzIzii6iUIPLvkIL/EN2CMWLuSEBAPRI0IvyOnLGA4Z4yfg==",
      "dev": true
    },
    "node_modules/concat-map": {
      "version": "0.0.1",
      "resolved": "https://registry.npmjs.org/concat-map/-/concat-map-0.0.1.tgz",
      "integrity": "sha512-/Srv4dswyQNBfohkQ8zwyYc+9KWAj3SVVaDV+js+9tYPqPmucMZQQLcgd9FVplus+XDP9pTVyAx3xuNEitrQ6Hg==",
      "dev": true
    },
    "node_modules/cordova": {
      "version": "13.0.0",
      "resolved": "https://registry.npmjs.org/cordova/-/cordova-13.0.0.tgz",
      "integrity": "sha512-0R2aAu8K5x3UkHiYSEbRjMi+dKEz25bzRiYRCfGNWKwwDQ8j+5O1PzIvC5yKn1eDrK9u3YgOqYSM1lJqWFDYVA==",
      "dev": true,
      "bin": {
        "cordova": "bin/cordova"
      },
      "engines": {
        "node": ">=14.0.0"
      }
    },
    "node_modules/cordova-android": {
      "version": "15.1.0",
      "resolved": "https://registry.npmjs.org/cordova-android/-/cordova-android-15.1.0.tgz",
      "integrity": "sha512-wyQ3cYr8F9xj4x2n1n1q/LZqUiPH5z3i9BBZQNqxJkJY5Y0oEpDwbmGV4pMqF2z8XkZZFd0CQHZX8N3eNYuqg==",
      "dev": true,
      "engines": {
        "node": ">=14.0.0"
      }
    },
    "node_modules/escape-string-regexp": {
      "version": "4.0.0",
      "resolved": "https://registry.npmjs.org/escape-string-regexp/-/escape-string-regexp-4.0.0.tgz",
      "integrity": "sha512-TtpcNJ3XAzx3Gq8sWZOj7pO8kAewSoKqDgecVQsIg6medh+73qqsb3gQbBuilCEYzpV9KeksGulLQc+mbu3swQ==",
      "dev": true,
      "engines": {
        "node": ">=10"
      },
      "funding": {
        "url": "https://github.com/sindresorhus/escape-string-regexp?sponsor=1"
      }
    },
    "node_modules/glob": {
      "version": "7.2.3",
      "resolved": "https://registry.npmjs.org/glob/-/glob-7.2.3.tgz",
      "integrity": "sha512-nFR0zfCkmCQZLda56B7ps9Y5Z0/yl2sPYk9WYkQ5BPi9IwIfhMGefo7eoYfa67atuBO3Y8YyeNlqbkJZo0fbvMg==",
      "dev": true,
      "dependencies": {
        "fs.realpath": "^1.0.0",
        "inflight": "^1.0.4",
        "inherits": "2",
        "minimatch": "^3.1.1",
        "once": "^1.3.0",
        "path-is-absolute": "^1.0.1"
      },
      "engines": {
        "node": "*"
      }
    },
    "node_modules/fs.realpath": {
      "version": "1.0.0",
      "resolved": "https://registry.npmjs.org/fs.realpath/-/fs.realpath-1.0.0.tgz",
      "integrity": "sha512-OO0pH2lK6a0hZnAdau5ItzHPI6pltWQV+0YgucIThklKyeZ/FSVjAYFAVProcessz/rRQs+yQu1kEZly93GT7Lsw==",
      "dev": true
    },
    "node_modules/has-flag": {
      "version": "4.0.0",
      "resolved": "https://registry.npmjs.org/has-flag/-/has-flag-4.0.0.tgz",
      "integrity": "sha512-EykJT/Q1KLTQlD4ClqqeNwn/5ozLEwg7Cz2df1SUElucESeul8smLlYkjSH9Qp/AaO9hayxPaVMedZUobISEeg==",
      "dev": true,
      "engines": {
        "node": ">=8"
      }
    },
    "node_modules/inflight": {
      "version": "1.0.6",
      "resolved": "https://registry.npmjs.org/inflight/-/inflight-1.0.6.tgz",
      "integrity": "sha512-x0KjrPE7+otQUBA7CTTttsKjxbsFt39p/OO+MSab+NRsqsnXbtUpmnLjtwNQPSPyVfxdS63QEVoO0jFsonSoTA==",
      "dev": true,
      "dependencies": {
        "once": "^1.3.0",
        "wrappy": "1"
      }
    },
    "node_modules/inherits": {
      "version": "2.0.4",
      "resolved": "https://registry.npmjs.org/inherits/-/inherits-2.0.4.tgz",
      "integrity": "sha512-k/vGaX4/Yla3WzyMsP9jL1XKLhDzhPSpLdbq9aGrLof3G+D6R2m+4eA+ciSZVISj4khRepfigures9O9YXySEBJA==",
      "dev": true
    },
    "node_modules/minimatch": {
      "version": "3.1.2",
      "resolved": "https://registry.npmjs.org/minimatch/-/minimatch-3.1.2.tgz",
      "integrity": "sha512-J7p63hRiAjw1NDEww1W7i8xXMScvNeYmSgY/FM5sASQkZBw5xH9OXknIr/G4r0wqQvkhgUR5SPZ06tnNsISccPw==",
      "dev": true,
      "dependencies": {
        "brace-expansion": "^1.1.7"
      },
      "engines": {
        "node": "*"
      }
    },
    "node_modules/once": {
      "version": "1.4.0",
      "resolved": "https://registry.npmjs.org/once/-/once-1.4.0.tgz",
      "integrity": "sha512-lNaJgB+wAZR6Z/Yyr/G1LDZoJ+yW8c3Jh32dBzupb7awXndar6Z0vyaSWgejd+roj3SUhog7fkogeHhStyopw1w==",
      "dev": true,
      "dependencies": {
        "wrappy": "1"
      }
    },
    "node_modules/path-is-absolute": {
      "version": "1.0.1",
      "resolved": "https://registry.npmjs.org/path-is-absolute/-/path-is-absolute-1.0.1.tgz",
      "integrity": "sha512-AVbw3UJ2e9bq64vSaS9Am0fje1Pa8w30LlsKviN58BzB882oCiapQImRUapQkeWYWsqDFlfVNVi/2O7SlmSY4Qw==",
      "dev": true
    },
    "node_modules/semver": {
      "version": "7.5.4",
      "resolved": "https://registry.npmjs.org/semver/-/semver-7.5.4.tgz",
      "integrity": "sha512-1bCSESV6Pv50c9Kiz0QwIT6dS6rWQEgKi5QAy_8OIwcstH7YJY+z2mN7ijY9NLU16oOt7vDkMgKqx8CJDuZUMw==",
      "dev": true,
      "bin": {
        "semver": "bin/semver.js"
      },
      "engines": {
        "node": ">=10"
      }
    },
    "node_modules/strip-ansi": {
      "version": "6.0.1",
      "resolved": "https://registry.npmjs.org/strip-ansi/-/strip-ansi-6.0.1.tgz",
      "integrity": "sha512-Y38VPSHcqkFycApMwIc2/Fg3g2aeM+ZeZcK5IoKeJQ7IlMrySIybhEFMnChHY0LAgCnypc65U2ZLE6E7D6txKQ==",
      "dev": true,
      "dependencies": {
        "ansi-regex": "^5.0.1"
      },
      "engines": {
        "node": ">=8"
      }
    },
    "node_modules/supports-color": {
      "version": "7.2.0",
      "resolved": "https://registry.npmjs.org/supports-color/-/supports-color-7.2.0.tgz",
      "integrity": "sha512-qpCAvRl9stuOHveKsn7HncJRvv501qIacKzQlO/+Lwxc9+0awPC6C1B3U8d7++VUwSff9kUkieQ76EtXvLgyKqQ==",
      "dev": true,
      "dependencies": {
        "has-flag": "^4.0.0"
      },
      "engines": {
        "node": ">=8"
      }
    },
    "node_modules/wrappy": {
      "version": "1.0.2",
      "resolved": "https://registry.npmjs.org/wrappy/-/wrappy-1.0.2.tgz",
      "integrity": "sha512-l4Sp/DRseor9wL6EvV2+TuQn63dMkPjZ/sp9XYghQEqoLzval7gWv+QUUh7+2mk0a/12DwKWMTw9EvjkMnC6HIQ==",
      "dev": true
    }
  }
}
